// !$*UTF8*$!
{
	archiveVersion = 1;
	classes = {
	};
	objectVersion = 50;
	objects = {

/* Begin PBXBuildFile section */
		D30BE4192A2796B20052AACB /* ConitionProtocol.swift in Sources */ = {isa = PBXBuildFile; fileRef = D30BE4182A2796B20052AACB /* ConitionProtocol.swift */; };
		D30BE41C2A2796C20052AACB /* DayProtocol.swift in Sources */ = {isa = PBXBuildFile; fileRef = D30BE41B2A2796C20052AACB /* DayProtocol.swift */; };
		D30BE41F2A2796C90052AACB /* ForecastProtocol.swift in Sources */ = {isa = PBXBuildFile; fileRef = D30BE41E2A2796C90052AACB /* ForecastProtocol.swift */; };
		D30BE4222A2796D00052AACB /* HourProtocol.swift in Sources */ = {isa = PBXBuildFile; fileRef = D30BE4212A2796D00052AACB /* HourProtocol.swift */; };
		D30BE4262A2797000052AACB /* WeatherDataProtocol.swift in Sources */ = {isa = PBXBuildFile; fileRef = D30BE4242A2797000052AACB /* WeatherDataProtocol.swift */; };
		D30BE4272A2797000052AACB /* WeatherProtocol.swift in Sources */ = {isa = PBXBuildFile; fileRef = D30BE4252A2797000052AACB /* WeatherProtocol.swift */; };
		D30BE42A2A2797370052AACB /* Condition.swift in Sources */ = {isa = PBXBuildFile; fileRef = D30BE4292A2797370052AACB /* Condition.swift */; };
		D30BE4312A2797550052AACB /* Day.swift in Sources */ = {isa = PBXBuildFile; fileRef = D30BE42C2A2797540052AACB /* Day.swift */; };
		D30BE4322A2797550052AACB /* Hour.swift in Sources */ = {isa = PBXBuildFile; fileRef = D30BE42D2A2797540052AACB /* Hour.swift */; };
		D30BE4332A2797550052AACB /* Forecast.swift in Sources */ = {isa = PBXBuildFile; fileRef = D30BE42E2A2797540052AACB /* Forecast.swift */; };
		D30BE4342A2797550052AACB /* Weather.swift in Sources */ = {isa = PBXBuildFile; fileRef = D30BE42F2A2797540052AACB /* Weather.swift */; };
		D30BE4352A2797550052AACB /* WeatherData.swift in Sources */ = {isa = PBXBuildFile; fileRef = D30BE4302A2797540052AACB /* WeatherData.swift */; };
		D30BE4382A2797710052AACB /* Location.swift in Sources */ = {isa = PBXBuildFile; fileRef = D30BE4372A2797710052AACB /* Location.swift */; };
		D30BE43B2A2797800052AACB /* LocationProtocol.swift in Sources */ = {isa = PBXBuildFile; fileRef = D30BE43A2A2797800052AACB /* LocationProtocol.swift */; };
		D333095229EEEE3F00B07FF6 /* WeatherDataSection.swift in Sources */ = {isa = PBXBuildFile; fileRef = D333095129EEEE3F00B07FF6 /* WeatherDataSection.swift */; };
		D333095529EF266000B07FF6 /* SectionElement.swift in Sources */ = {isa = PBXBuildFile; fileRef = D333095429EF266000B07FF6 /* SectionElement.swift */; };
		D333095F29EF2AAB00B07FF6 /* ForecastListView.swift in Sources */ = {isa = PBXBuildFile; fileRef = D333095E29EF2AAB00B07FF6 /* ForecastListView.swift */; };
		D386F11029EF650900A973F0 /* SegmentedControl.swift in Sources */ = {isa = PBXBuildFile; fileRef = D386F10F29EF650900A973F0 /* SegmentedControl.swift */; };
		D3E4D34129ED9D190026BED4 /* AppDelegate.swift in Sources */ = {isa = PBXBuildFile; fileRef = D3E4D34029ED9D190026BED4 /* AppDelegate.swift */; };
		D3E4D34329ED9D190026BED4 /* SceneDelegate.swift in Sources */ = {isa = PBXBuildFile; fileRef = D3E4D34229ED9D190026BED4 /* SceneDelegate.swift */; };
		D3E4D34A29ED9D260026BED4 /* Assets.xcassets in Resources */ = {isa = PBXBuildFile; fileRef = D3E4D34929ED9D260026BED4 /* Assets.xcassets */; };
		D3E4D34D29ED9D260026BED4 /* LaunchScreen.storyboard in Resources */ = {isa = PBXBuildFile; fileRef = D3E4D34B29ED9D260026BED4 /* LaunchScreen.storyboard */; };
		D3E4D36129EDC0670026BED4 /* Resources.swift in Sources */ = {isa = PBXBuildFile; fileRef = D3E4D36029EDC0670026BED4 /* Resources.swift */; };
		D3E4D37229EDC4910026BED4 /* CoordinatorProtocol.swift in Sources */ = {isa = PBXBuildFile; fileRef = D3E4D37129EDC4910026BED4 /* CoordinatorProtocol.swift */; };
		D3E4D37529EDC4BB0026BED4 /* AppCoordinator.swift in Sources */ = {isa = PBXBuildFile; fileRef = D3E4D37429EDC4BB0026BED4 /* AppCoordinator.swift */; };
		D3E4D37829EDC8800026BED4 /* MainView.swift in Sources */ = {isa = PBXBuildFile; fileRef = D3E4D37729EDC8800026BED4 /* MainView.swift */; };
		D3E4D37E29EDC9F20026BED4 /* HeaderView.swift in Sources */ = {isa = PBXBuildFile; fileRef = D3E4D37D29EDC9F20026BED4 /* HeaderView.swift */; };
		D3E79E5629EDE91A00A21335 /* RussoOneRegular.ttf in Resources */ = {isa = PBXBuildFile; fileRef = D3E79E5529EDE91A00A21335 /* RussoOneRegular.ttf */; };
		D3F0E18E29F20E2600A289DA /* ForecastCell.swift in Sources */ = {isa = PBXBuildFile; fileRef = D3F0E18D29F20E2600A289DA /* ForecastCell.swift */; };
/* End PBXBuildFile section */

/* Begin PBXFileReference section */
		D30BE4182A2796B20052AACB /* ConitionProtocol.swift */ = {isa = PBXFileReference; fileEncoding = 4; lastKnownFileType = sourcecode.swift; path = ConitionProtocol.swift; sourceTree = "<group>"; };
		D30BE41B2A2796C20052AACB /* DayProtocol.swift */ = {isa = PBXFileReference; fileEncoding = 4; lastKnownFileType = sourcecode.swift; path = DayProtocol.swift; sourceTree = "<group>"; };
		D30BE41E2A2796C90052AACB /* ForecastProtocol.swift */ = {isa = PBXFileReference; fileEncoding = 4; lastKnownFileType = sourcecode.swift; path = ForecastProtocol.swift; sourceTree = "<group>"; };
		D30BE4212A2796D00052AACB /* HourProtocol.swift */ = {isa = PBXFileReference; fileEncoding = 4; lastKnownFileType = sourcecode.swift; path = HourProtocol.swift; sourceTree = "<group>"; };
		D30BE4242A2797000052AACB /* WeatherDataProtocol.swift */ = {isa = PBXFileReference; fileEncoding = 4; lastKnownFileType = sourcecode.swift; path = WeatherDataProtocol.swift; sourceTree = "<group>"; };
		D30BE4252A2797000052AACB /* WeatherProtocol.swift */ = {isa = PBXFileReference; fileEncoding = 4; lastKnownFileType = sourcecode.swift; path = WeatherProtocol.swift; sourceTree = "<group>"; };
		D30BE4292A2797370052AACB /* Condition.swift */ = {isa = PBXFileReference; fileEncoding = 4; lastKnownFileType = sourcecode.swift; path = Condition.swift; sourceTree = "<group>"; };
		D30BE42C2A2797540052AACB /* Day.swift */ = {isa = PBXFileReference; fileEncoding = 4; lastKnownFileType = sourcecode.swift; path = Day.swift; sourceTree = "<group>"; };
		D30BE42D2A2797540052AACB /* Hour.swift */ = {isa = PBXFileReference; fileEncoding = 4; lastKnownFileType = sourcecode.swift; path = Hour.swift; sourceTree = "<group>"; };
		D30BE42E2A2797540052AACB /* Forecast.swift */ = {isa = PBXFileReference; fileEncoding = 4; lastKnownFileType = sourcecode.swift; path = Forecast.swift; sourceTree = "<group>"; };
		D30BE42F2A2797540052AACB /* Weather.swift */ = {isa = PBXFileReference; fileEncoding = 4; lastKnownFileType = sourcecode.swift; path = Weather.swift; sourceTree = "<group>"; };
		D30BE4302A2797540052AACB /* WeatherData.swift */ = {isa = PBXFileReference; fileEncoding = 4; lastKnownFileType = sourcecode.swift; path = WeatherData.swift; sourceTree = "<group>"; };
		D30BE4372A2797710052AACB /* Location.swift */ = {isa = PBXFileReference; fileEncoding = 4; lastKnownFileType = sourcecode.swift; path = Location.swift; sourceTree = "<group>"; };
		D30BE43A2A2797800052AACB /* LocationProtocol.swift */ = {isa = PBXFileReference; fileEncoding = 4; lastKnownFileType = sourcecode.swift; path = LocationProtocol.swift; sourceTree = "<group>"; };
		D333095129EEEE3F00B07FF6 /* WeatherDataSection.swift */ = {isa = PBXFileReference; lastKnownFileType = sourcecode.swift; path = WeatherDataSection.swift; sourceTree = "<group>"; };
		D333095429EF266000B07FF6 /* SectionElement.swift */ = {isa = PBXFileReference; lastKnownFileType = sourcecode.swift; path = SectionElement.swift; sourceTree = "<group>"; };
		D333095E29EF2AAB00B07FF6 /* ForecastListView.swift */ = {isa = PBXFileReference; lastKnownFileType = sourcecode.swift; path = ForecastListView.swift; sourceTree = "<group>"; };
		D386F10F29EF650900A973F0 /* SegmentedControl.swift */ = {isa = PBXFileReference; lastKnownFileType = sourcecode.swift; path = SegmentedControl.swift; sourceTree = "<group>"; };
		D3E4D33D29ED9D190026BED4 /* WeatherUIKit.app */ = {isa = PBXFileReference; explicitFileType = wrapper.application; includeInIndex = 0; path = WeatherUIKit.app; sourceTree = BUILT_PRODUCTS_DIR; };
		D3E4D34029ED9D190026BED4 /* AppDelegate.swift */ = {isa = PBXFileReference; lastKnownFileType = sourcecode.swift; path = AppDelegate.swift; sourceTree = "<group>"; };
		D3E4D34229ED9D190026BED4 /* SceneDelegate.swift */ = {isa = PBXFileReference; lastKnownFileType = sourcecode.swift; path = SceneDelegate.swift; sourceTree = "<group>"; };
		D3E4D34929ED9D260026BED4 /* Assets.xcassets */ = {isa = PBXFileReference; lastKnownFileType = folder.assetcatalog; path = Assets.xcassets; sourceTree = "<group>"; };
		D3E4D34C29ED9D260026BED4 /* Base */ = {isa = PBXFileReference; lastKnownFileType = file.storyboard; name = Base; path = Base.lproj/LaunchScreen.storyboard; sourceTree = "<group>"; };
		D3E4D34E29ED9D260026BED4 /* Info.plist */ = {isa = PBXFileReference; lastKnownFileType = text.plist.xml; path = Info.plist; sourceTree = "<group>"; };
		D3E4D36029EDC0670026BED4 /* Resources.swift */ = {isa = PBXFileReference; lastKnownFileType = sourcecode.swift; path = Resources.swift; sourceTree = "<group>"; };
		D3E4D37129EDC4910026BED4 /* CoordinatorProtocol.swift */ = {isa = PBXFileReference; lastKnownFileType = sourcecode.swift; path = CoordinatorProtocol.swift; sourceTree = "<group>"; };
		D3E4D37429EDC4BB0026BED4 /* AppCoordinator.swift */ = {isa = PBXFileReference; lastKnownFileType = sourcecode.swift; path = AppCoordinator.swift; sourceTree = "<group>"; };
		D3E4D37729EDC8800026BED4 /* MainView.swift */ = {isa = PBXFileReference; lastKnownFileType = sourcecode.swift; path = MainView.swift; sourceTree = "<group>"; };
		D3E4D37D29EDC9F20026BED4 /* HeaderView.swift */ = {isa = PBXFileReference; lastKnownFileType = sourcecode.swift; path = HeaderView.swift; sourceTree = "<group>"; };
		D3E79E5529EDE91A00A21335 /* RussoOneRegular.ttf */ = {isa = PBXFileReference; lastKnownFileType = file; path = RussoOneRegular.ttf; sourceTree = "<group>"; };
		D3F0E18D29F20E2600A289DA /* ForecastCell.swift */ = {isa = PBXFileReference; lastKnownFileType = sourcecode.swift; path = ForecastCell.swift; sourceTree = "<group>"; };
/* End PBXFileReference section */

/* Begin PBXFrameworksBuildPhase section */
		D3E4D33A29ED9D190026BED4 /* Frameworks */ = {
			isa = PBXFrameworksBuildPhase;
			buildActionMask = 2147483647;
			files = (
			);
			runOnlyForDeploymentPostprocessing = 0;
		};
/* End PBXFrameworksBuildPhase section */

/* Begin PBXGroup section */
		D3E4D33429ED9D190026BED4 = {
			isa = PBXGroup;
			children = (
				D3E4D33F29ED9D190026BED4 /* WeatherUIKit */,
				D3E4D33E29ED9D190026BED4 /* Products */,
			);
			sourceTree = "<group>";
		};
		D3E4D33E29ED9D190026BED4 /* Products */ = {
			isa = PBXGroup;
			children = (
				D3E4D33D29ED9D190026BED4 /* WeatherUIKit.app */,
			);
			name = Products;
			sourceTree = "<group>";
		};
		D3E4D33F29ED9D190026BED4 /* WeatherUIKit */ = {
			isa = PBXGroup;
			children = (
				D3E4D36C29EDC3640026BED4 /* Views */,
				D3E4D36B29EDC35C0026BED4 /* ViewModels */,
				D3E4D36A29EDC3490026BED4 /* Models */,
				D3E4D36529EDC2AE0026BED4 /* Resources */,
				D3E4D36629EDC2CE0026BED4 /* App */,
			);
			path = WeatherUIKit;
			sourceTree = "<group>";
		};
		D3E4D36529EDC2AE0026BED4 /* Resources */ = {
			isa = PBXGroup;
			children = (
				D3E79E4F29EDE71C00A21335 /* Fonts */,
				D3E4D36029EDC0670026BED4 /* Resources.swift */,
				D3E4D34B29ED9D260026BED4 /* LaunchScreen.storyboard */,
				D3E4D34929ED9D260026BED4 /* Assets.xcassets */,
			);
			path = Resources;
			sourceTree = "<group>";
		};
		D3E4D36629EDC2CE0026BED4 /* App */ = {
			isa = PBXGroup;
			children = (
				D3E4D34029ED9D190026BED4 /* AppDelegate.swift */,
				D3E4D34229ED9D190026BED4 /* SceneDelegate.swift */,
				D3E4D34E29ED9D260026BED4 /* Info.plist */,
			);
			path = App;
			sourceTree = "<group>";
		};
		D3E4D36A29EDC3490026BED4 /* Models */ = {
			isa = PBXGroup;
			children = (
				D3E4D36D29EDC36D0026BED4 /* Protocols */,
				D3E4D37429EDC4BB0026BED4 /* AppCoordinator.swift */,
				D30BE4292A2797370052AACB /* Condition.swift */,
				D30BE42C2A2797540052AACB /* Day.swift */,
				D30BE42E2A2797540052AACB /* Forecast.swift */,
				D30BE42D2A2797540052AACB /* Hour.swift */,
				D30BE42F2A2797540052AACB /* Weather.swift */,
				D30BE4372A2797710052AACB /* Location.swift */,
				D30BE4302A2797540052AACB /* WeatherData.swift */,
			);
			path = Models;
			sourceTree = "<group>";
		};
		D3E4D36B29EDC35C0026BED4 /* ViewModels */ = {
			isa = PBXGroup;
			children = (
				D3E4D36E29EDC3720026BED4 /* Protocols */,
			);
			path = ViewModels;
			sourceTree = "<group>";
		};
		D3E4D36C29EDC3640026BED4 /* Views */ = {
			isa = PBXGroup;
			children = (
				D3E4D36F29EDC3780026BED4 /* Protocols */,
				D3E4D37729EDC8800026BED4 /* MainView.swift */,
				D3E4D37D29EDC9F20026BED4 /* HeaderView.swift */,
				D333095129EEEE3F00B07FF6 /* WeatherDataSection.swift */,
				D333095429EF266000B07FF6 /* SectionElement.swift */,
				D333095E29EF2AAB00B07FF6 /* ForecastListView.swift */,
				D386F10F29EF650900A973F0 /* SegmentedControl.swift */,
				D3F0E18D29F20E2600A289DA /* ForecastCell.swift */,
			);
			path = Views;
			sourceTree = "<group>";
		};
		D3E4D36D29EDC36D0026BED4 /* Protocols */ = {
			isa = PBXGroup;
			children = (
				D30BE4242A2797000052AACB /* WeatherDataProtocol.swift */,
				D30BE4252A2797000052AACB /* WeatherProtocol.swift */,
				D30BE4212A2796D00052AACB /* HourProtocol.swift */,
				D30BE41E2A2796C90052AACB /* ForecastProtocol.swift */,
				D30BE41B2A2796C20052AACB /* DayProtocol.swift */,
				D30BE43A2A2797800052AACB /* LocationProtocol.swift */,
				D30BE4182A2796B20052AACB /* ConitionProtocol.swift */,
				D3E4D37129EDC4910026BED4 /* CoordinatorProtocol.swift */,
			);
			path = Protocols;
			sourceTree = "<group>";
		};
		D3E4D36E29EDC3720026BED4 /* Protocols */ = {
			isa = PBXGroup;
			children = (
			);
			path = Protocols;
			sourceTree = "<group>";
		};
		D3E4D36F29EDC3780026BED4 /* Protocols */ = {
			isa = PBXGroup;
			children = (
			);
			path = Protocols;
			sourceTree = "<group>";
		};
		D3E79E4F29EDE71C00A21335 /* Fonts */ = {
			isa = PBXGroup;
			children = (
				D3E79E5529EDE91A00A21335 /* RussoOneRegular.ttf */,
			);
			path = Fonts;
			sourceTree = "<group>";
		};
/* End PBXGroup section */

/* Begin PBXNativeTarget section */
		D3E4D33C29ED9D190026BED4 /* WeatherUIKit */ = {
			isa = PBXNativeTarget;
			buildConfigurationList = D3E4D35129ED9D260026BED4 /* Build configuration list for PBXNativeTarget "WeatherUIKit" */;
			buildPhases = (
				D3E4D33929ED9D190026BED4 /* Sources */,
				D3E4D33A29ED9D190026BED4 /* Frameworks */,
				D3E4D33B29ED9D190026BED4 /* Resources */,
			);
			buildRules = (
			);
			dependencies = (
			);
			name = WeatherUIKit;
			productName = WeatherUIKit;
			productReference = D3E4D33D29ED9D190026BED4 /* WeatherUIKit.app */;
			productType = "com.apple.product-type.application";
		};
/* End PBXNativeTarget section */

/* Begin PBXProject section */
		D3E4D33529ED9D190026BED4 /* Project object */ = {
			isa = PBXProject;
			attributes = {
				LastSwiftUpdateCheck = 1240;
				LastUpgradeCheck = 1240;
				TargetAttributes = {
					D3E4D33C29ED9D190026BED4 = {
						CreatedOnToolsVersion = 12.4;
					};
				};
			};
			buildConfigurationList = D3E4D33829ED9D190026BED4 /* Build configuration list for PBXProject "WeatherUIKit" */;
			compatibilityVersion = "Xcode 9.3";
			developmentRegion = en;
			hasScannedForEncodings = 0;
			knownRegions = (
				en,
				Base,
			);
			mainGroup = D3E4D33429ED9D190026BED4;
			productRefGroup = D3E4D33E29ED9D190026BED4 /* Products */;
			projectDirPath = "";
			projectRoot = "";
			targets = (
				D3E4D33C29ED9D190026BED4 /* WeatherUIKit */,
			);
		};
/* End PBXProject section */

/* Begin PBXResourcesBuildPhase section */
		D3E4D33B29ED9D190026BED4 /* Resources */ = {
			isa = PBXResourcesBuildPhase;
			buildActionMask = 2147483647;
			files = (
				D3E4D34D29ED9D260026BED4 /* LaunchScreen.storyboard in Resources */,
				D3E79E5629EDE91A00A21335 /* RussoOneRegular.ttf in Resources */,
				D3E4D34A29ED9D260026BED4 /* Assets.xcassets in Resources */,
			);
			runOnlyForDeploymentPostprocessing = 0;
		};
/* End PBXResourcesBuildPhase section */

/* Begin PBXSourcesBuildPhase section */
		D3E4D33929ED9D190026BED4 /* Sources */ = {
			isa = PBXSourcesBuildPhase;
			buildActionMask = 2147483647;
			files = (
				D30BE4342A2797550052AACB /* Weather.swift in Sources */,
				D3E4D34129ED9D190026BED4 /* AppDelegate.swift in Sources */,
				D333095F29EF2AAB00B07FF6 /* ForecastListView.swift in Sources */,
				D386F11029EF650900A973F0 /* SegmentedControl.swift in Sources */,
				D333095529EF266000B07FF6 /* SectionElement.swift in Sources */,
				D3F0E18E29F20E2600A289DA /* ForecastCell.swift in Sources */,
				D30BE41F2A2796C90052AACB /* ForecastProtocol.swift in Sources */,
				D30BE4382A2797710052AACB /* Location.swift in Sources */,
				D30BE4322A2797550052AACB /* Hour.swift in Sources */,
				D30BE4192A2796B20052AACB /* ConitionProtocol.swift in Sources */,
				D30BE41C2A2796C20052AACB /* DayProtocol.swift in Sources */,
				D3E4D37829EDC8800026BED4 /* MainView.swift in Sources */,
				D30BE43B2A2797800052AACB /* LocationProtocol.swift in Sources */,
				D333095229EEEE3F00B07FF6 /* WeatherDataSection.swift in Sources */,
				D3E4D34329ED9D190026BED4 /* SceneDelegate.swift in Sources */,
				D30BE4262A2797000052AACB /* WeatherDataProtocol.swift in Sources */,
				D3E4D37529EDC4BB0026BED4 /* AppCoordinator.swift in Sources */,
				D3E4D37229EDC4910026BED4 /* CoordinatorProtocol.swift in Sources */,
				D30BE4222A2796D00052AACB /* HourProtocol.swift in Sources */,
				D30BE42A2A2797370052AACB /* Condition.swift in Sources */,
				D3E4D36129EDC0670026BED4 /* Resources.swift in Sources */,
				D30BE4272A2797000052AACB /* WeatherProtocol.swift in Sources */,
				D30BE4312A2797550052AACB /* Day.swift in Sources */,
				D30BE4332A2797550052AACB /* Forecast.swift in Sources */,
				D30BE4352A2797550052AACB /* WeatherData.swift in Sources */,
				D3E4D37E29EDC9F20026BED4 /* HeaderView.swift in Sources */,
			);
			runOnlyForDeploymentPostprocessing = 0;
		};
/* End PBXSourcesBuildPhase section */

/* Begin PBXVariantGroup section */
		D3E4D34B29ED9D260026BED4 /* LaunchScreen.storyboard */ = {
			isa = PBXVariantGroup;
			children = (
				D3E4D34C29ED9D260026BED4 /* Base */,
			);
			name = LaunchScreen.storyboard;
			sourceTree = "<group>";
		};
/* End PBXVariantGroup section */

/* Begin XCBuildConfiguration section */
		D3E4D34F29ED9D260026BED4 /* Debug */ = {
			isa = XCBuildConfiguration;
			buildSettings = {
				ALWAYS_SEARCH_USER_PATHS = NO;
				CLANG_ANALYZER_NONNULL = YES;
				CLANG_ANALYZER_NUMBER_OBJECT_CONVERSION = YES_AGGRESSIVE;
				CLANG_CXX_LANGUAGE_STANDARD = "gnu++14";
				CLANG_CXX_LIBRARY = "libc++";
				CLANG_ENABLE_MODULES = YES;
				CLANG_ENABLE_OBJC_ARC = YES;
				CLANG_ENABLE_OBJC_WEAK = YES;
				CLANG_WARN_BLOCK_CAPTURE_AUTORELEASING = YES;
				CLANG_WARN_BOOL_CONVERSION = YES;
				CLANG_WARN_COMMA = YES;
				CLANG_WARN_CONSTANT_CONVERSION = YES;
				CLANG_WARN_DEPRECATED_OBJC_IMPLEMENTATIONS = YES;
				CLANG_WARN_DIRECT_OBJC_ISA_USAGE = YES_ERROR;
				CLANG_WARN_DOCUMENTATION_COMMENTS = YES;
				CLANG_WARN_EMPTY_BODY = YES;
				CLANG_WARN_ENUM_CONVERSION = YES;
				CLANG_WARN_INFINITE_RECURSION = YES;
				CLANG_WARN_INT_CONVERSION = YES;
				CLANG_WARN_NON_LITERAL_NULL_CONVERSION = YES;
				CLANG_WARN_OBJC_IMPLICIT_RETAIN_SELF = YES;
				CLANG_WARN_OBJC_LITERAL_CONVERSION = YES;
				CLANG_WARN_OBJC_ROOT_CLASS = YES_ERROR;
				CLANG_WARN_QUOTED_INCLUDE_IN_FRAMEWORK_HEADER = YES;
				CLANG_WARN_RANGE_LOOP_ANALYSIS = YES;
				CLANG_WARN_STRICT_PROTOTYPES = YES;
				CLANG_WARN_SUSPICIOUS_MOVE = YES;
				CLANG_WARN_UNGUARDED_AVAILABILITY = YES_AGGRESSIVE;
				CLANG_WARN_UNREACHABLE_CODE = YES;
				CLANG_WARN__DUPLICATE_METHOD_MATCH = YES;
				COPY_PHASE_STRIP = NO;
				DEBUG_INFORMATION_FORMAT = dwarf;
				ENABLE_STRICT_OBJC_MSGSEND = YES;
				ENABLE_TESTABILITY = YES;
				GCC_C_LANGUAGE_STANDARD = gnu11;
				GCC_DYNAMIC_NO_PIC = NO;
				GCC_NO_COMMON_BLOCKS = YES;
				GCC_OPTIMIZATION_LEVEL = 0;
				GCC_PREPROCESSOR_DEFINITIONS = (
					"DEBUG=1",
					"$(inherited)",
				);
				GCC_WARN_64_TO_32_BIT_CONVERSION = YES;
				GCC_WARN_ABOUT_RETURN_TYPE = YES_ERROR;
				GCC_WARN_UNDECLARED_SELECTOR = YES;
				GCC_WARN_UNINITIALIZED_AUTOS = YES_AGGRESSIVE;
				GCC_WARN_UNUSED_FUNCTION = YES;
				GCC_WARN_UNUSED_VARIABLE = YES;
				IPHONEOS_DEPLOYMENT_TARGET = 14.4;
				MTL_ENABLE_DEBUG_INFO = INCLUDE_SOURCE;
				MTL_FAST_MATH = YES;
				ONLY_ACTIVE_ARCH = YES;
				SDKROOT = iphoneos;
				SWIFT_ACTIVE_COMPILATION_CONDITIONS = DEBUG;
				SWIFT_OPTIMIZATION_LEVEL = "-Onone";
			};
			name = Debug;
		};
		D3E4D35029ED9D260026BED4 /* Release */ = {
			isa = XCBuildConfiguration;
			buildSettings = {
				ALWAYS_SEARCH_USER_PATHS = NO;
				CLANG_ANALYZER_NONNULL = YES;
				CLANG_ANALYZER_NUMBER_OBJECT_CONVERSION = YES_AGGRESSIVE;
				CLANG_CXX_LANGUAGE_STANDARD = "gnu++14";
				CLANG_CXX_LIBRARY = "libc++";
				CLANG_ENABLE_MODULES = YES;
				CLANG_ENABLE_OBJC_ARC = YES;
				CLANG_ENABLE_OBJC_WEAK = YES;
				CLANG_WARN_BLOCK_CAPTURE_AUTORELEASING = YES;
				CLANG_WARN_BOOL_CONVERSION = YES;
				CLANG_WARN_COMMA = YES;
				CLANG_WARN_CONSTANT_CONVERSION = YES;
				CLANG_WARN_DEPRECATED_OBJC_IMPLEMENTATIONS = YES;
				CLANG_WARN_DIRECT_OBJC_ISA_USAGE = YES_ERROR;
				CLANG_WARN_DOCUMENTATION_COMMENTS = YES;
				CLANG_WARN_EMPTY_BODY = YES;
				CLANG_WARN_ENUM_CONVERSION = YES;
				CLANG_WARN_INFINITE_RECURSION = YES;
				CLANG_WARN_INT_CONVERSION = YES;
				CLANG_WARN_NON_LITERAL_NULL_CONVERSION = YES;
				CLANG_WARN_OBJC_IMPLICIT_RETAIN_SELF = YES;
				CLANG_WARN_OBJC_LITERAL_CONVERSION = YES;
				CLANG_WARN_OBJC_ROOT_CLASS = YES_ERROR;
				CLANG_WARN_QUOTED_INCLUDE_IN_FRAMEWORK_HEADER = YES;
				CLANG_WARN_RANGE_LOOP_ANALYSIS = YES;
				CLANG_WARN_STRICT_PROTOTYPES = YES;
				CLANG_WARN_SUSPICIOUS_MOVE = YES;
				CLANG_WARN_UNGUARDED_AVAILABILITY = YES_AGGRESSIVE;
				CLANG_WARN_UNREACHABLE_CODE = YES;
				CLANG_WARN__DUPLICATE_METHOD_MATCH = YES;
				COPY_PHASE_STRIP = NO;
				DEBUG_INFORMATION_FORMAT = "dwarf-with-dsym";
				ENABLE_NS_ASSERTIONS = NO;
				ENABLE_STRICT_OBJC_MSGSEND = YES;
				GCC_C_LANGUAGE_STANDARD = gnu11;
				GCC_NO_COMMON_BLOCKS = YES;
				GCC_WARN_64_TO_32_BIT_CONVERSION = YES;
				GCC_WARN_ABOUT_RETURN_TYPE = YES_ERROR;
				GCC_WARN_UNDECLARED_SELECTOR = YES;
				GCC_WARN_UNINITIALIZED_AUTOS = YES_AGGRESSIVE;
				GCC_WARN_UNUSED_FUNCTION = YES;
				GCC_WARN_UNUSED_VARIABLE = YES;
				IPHONEOS_DEPLOYMENT_TARGET = 14.4;
				MTL_ENABLE_DEBUG_INFO = NO;
				MTL_FAST_MATH = YES;
				SDKROOT = iphoneos;
				SWIFT_COMPILATION_MODE = wholemodule;
				SWIFT_OPTIMIZATION_LEVEL = "-O";
				VALIDATE_PRODUCT = YES;
			};
			name = Release;
		};
		D3E4D35229ED9D260026BED4 /* Debug */ = {
			isa = XCBuildConfiguration;
			buildSettings = {
				ASSETCATALOG_COMPILER_APPICON_NAME = AppIcon;
				ASSETCATALOG_COMPILER_GLOBAL_ACCENT_COLOR_NAME = AccentColor;
				CODE_SIGN_STYLE = Automatic;
				DEVELOPMENT_TEAM = V9P9K4WJ2E;
				INFOPLIST_FILE = WeatherUIKit/App/Info.plist;
				LD_RUNPATH_SEARCH_PATHS = (
					"$(inherited)",
					"@executable_path/Frameworks",
				);
				PRODUCT_BUNDLE_IDENTIFIER = vm.WeatherUIKit;
				PRODUCT_NAME = "$(TARGET_NAME)";
				SWIFT_VERSION = 5.0;
				TARGETED_DEVICE_FAMILY = 1;
			};
			name = Debug;
		};
		D3E4D35329ED9D260026BED4 /* Release */ = {
			isa = XCBuildConfiguration;
			buildSettings = {
				ASSETCATALOG_COMPILER_APPICON_NAME = AppIcon;
				ASSETCATALOG_COMPILER_GLOBAL_ACCENT_COLOR_NAME = AccentColor;
				CODE_SIGN_STYLE = Automatic;
				DEVELOPMENT_TEAM = V9P9K4WJ2E;
				INFOPLIST_FILE = WeatherUIKit/App/Info.plist;
				LD_RUNPATH_SEARCH_PATHS = (
					"$(inherited)",
					"@executable_path/Frameworks",
				);
				PRODUCT_BUNDLE_IDENTIFIER = vm.WeatherUIKit;
				PRODUCT_NAME = "$(TARGET_NAME)";
				SWIFT_VERSION = 5.0;
				TARGETED_DEVICE_FAMILY = 1;
			};
			name = Release;
		};
/* End XCBuildConfiguration section */

/* Begin XCConfigurationList section */
		D3E4D33829ED9D190026BED4 /* Build configuration list for PBXProject "WeatherUIKit" */ = {
			isa = XCConfigurationList;
			buildConfigurations = (
				D3E4D34F29ED9D260026BED4 /* Debug */,
				D3E4D35029ED9D260026BED4 /* Release */,
			);
			defaultConfigurationIsVisible = 0;
			defaultConfigurationName = Release;
		};
		D3E4D35129ED9D260026BED4 /* Build configuration list for PBXNativeTarget "WeatherUIKit" */ = {
			isa = XCConfigurationList;
			buildConfigurations = (
				D3E4D35229ED9D260026BED4 /* Debug */,
				D3E4D35329ED9D260026BED4 /* Release */,
			);
			defaultConfigurationIsVisible = 0;
			defaultConfigurationName = Release;
		};
/* End XCConfigurationList section */
	};
	rootObject = D3E4D33529ED9D190026BED4 /* Project object */;
}
